
Microsoft Visual Studio Solution File, Format Version 12.00
# Visual Studio 14
VisualStudioVersion = 14.0.25420.1
MinimumVisualStudioVersion = 10.0.40219.1
Project("{FAE04EC0-301F-11D3-BF4B-00C04F79EFBC}") = "PublistTestWeb", "PublistTestWeb\PublistTestWeb.csproj", "{ED56E443-AB51-4E5F-9A74-4002289F0391}"
EndProject
Project("{FAE04EC0-301F-11D3-BF4B-00C04F79EFBC}") = "PublistTestWeb.Tests", "PublistTestWeb.Tests\PublistTestWeb.Tests.csproj", "{4887959A-9DCD-46B4-85B6-5581B3EB4893}"
EndProject
Global
	GlobalSection(SolutionConfigurationPlatforms) = preSolution
		Debug|Any CPU = Debug|Any CPU
		Release|Any CPU = Release|Any CPU
	EndGlobalSection
	GlobalSection(ProjectConfigurationPlatforms) = postSolution
		{ED56E443-AB51-4E5F-9A74-4002289F0391}.Debug|Any CPU.ActiveCfg = Debug|Any CPU
		{ED56E443-AB51-4E5F-9A74-4002289F0391}.Debug|Any CPU.Build.0 = Debug|Any CPU
		{ED56E443-AB51-4E5F-9A74-4002289F0391}.Release|Any CPU.ActiveCfg = Release|Any CPU
		{ED56E443-AB51-4E5F-9A74-4002289F0391}.Release|Any CPU.Build.0 = Release|Any CPU
		{4887959A-9DCD-46B4-85B6-5581B3EB4893}.Debug|Any CPU.ActiveCfg = Debug|Any CPU
		{4887959A-9DCD-46B4-85B6-5581B3EB4893}.Debug|Any CPU.Build.0 = Debug|Any CPU
		{4887959A-9DCD-46B4-85B6-5581B3EB4893}.Release|Any CPU.ActiveCfg = Release|Any CPU
		{4887959A-9DCD-46B4-85B6-5581B3EB4893}.Release|Any CPU.Build.0 = Release|Any CPU
	EndGlobalSection
	GlobalSection(SolutionProperties) = preSolution
		HideSolutionNode = FALSE
	EndGlobalSection
EndGlobal
